
Microsoft Visual Studio Solution File, Format Version 12.00
# Visual Studio 2013
VisualStudioVersion = 12.0.31101.0
MinimumVisualStudioVersion = 10.0.40219.1
Project("{FAE04EC0-301F-11D3-BF4B-00C04F79EFBC}") = "ZhiXingWeb", "ZhiXingWeb\ZhiXingWeb.csproj", "{72DF3A06-8312-4AD8-A208-62575BD3C631}"
EndProject
Project("{FAE04EC0-301F-11D3-BF4B-00C04F79EFBC}") = "ZhiXingWeb.Tests", "ZhiXingWeb.Tests\ZhiXingWeb.Tests.csproj", "{4A8AEEC0-4CC3-43C6-95F3-7DF7306DBEB7}"
EndProject
Project("{FAE04EC0-301F-11D3-BF4B-00C04F79EFBC}") = "ZhiXing.Core", "ZhiXing.Core\ZhiXing.Core.csproj", "{EBE2FBD3-F42F-4FBB-A2DA-67B5FF9FBFD1}"
EndProject
Global
	GlobalSection(SolutionConfigurationPlatforms) = preSolution
		Debug|Any CPU = Debug|Any CPU
		Release|Any CPU = Release|Any CPU
	EndGlobalSection
	GlobalSection(ProjectConfigurationPlatforms) = postSolution
		{72DF3A06-8312-4AD8-A208-62575BD3C631}.Debug|Any CPU.ActiveCfg = Debug|Any CPU
		{72DF3A06-8312-4AD8-A208-62575BD3C631}.Debug|Any CPU.Build.0 = Debug|Any CPU
		{72DF3A06-8312-4AD8-A208-62575BD3C631}.Release|Any CPU.ActiveCfg = Release|Any CPU
		{72DF3A06-8312-4AD8-A208-62575BD3C631}.Release|Any CPU.Build.0 = Release|Any CPU
		{4A8AEEC0-4CC3-43C6-95F3-7DF7306DBEB7}.Debug|Any CPU.ActiveCfg = Debug|Any CPU
		{4A8AEEC0-4CC3-43C6-95F3-7DF7306DBEB7}.Debug|Any CPU.Build.0 = Debug|Any CPU
		{4A8AEEC0-4CC3-43C6-95F3-7DF7306DBEB7}.Release|Any CPU.ActiveCfg = Release|Any CPU
		{4A8AEEC0-4CC3-43C6-95F3-7DF7306DBEB7}.Release|Any CPU.Build.0 = Release|Any CPU
		{EBE2FBD3-F42F-4FBB-A2DA-67B5FF9FBFD1}.Debug|Any CPU.ActiveCfg = Debug|Any CPU
		{EBE2FBD3-F42F-4FBB-A2DA-67B5FF9FBFD1}.Debug|Any CPU.Build.0 = Debug|Any CPU
		{EBE2FBD3-F42F-4FBB-A2DA-67B5FF9FBFD1}.Release|Any CPU.ActiveCfg = Release|Any CPU
		{EBE2FBD3-F42F-4FBB-A2DA-67B5FF9FBFD1}.Release|Any CPU.Build.0 = Release|Any CPU
	EndGlobalSection
	GlobalSection(SolutionProperties) = preSolution
		HideSolutionNode = FALSE
	EndGlobalSection
EndGlobal
